
Microsoft Visual Studio Solution File, Format Version 12.00
# Visual Studio Version 17
VisualStudioVersion = 17.11.35219.272
MinimumVisualStudioVersion = 10.0.40219.1
Project("{FAE04EC0-301F-11D3-BF4B-00C04F79EFBC}") = "RANDOM_DSPS", "RANDOM_DSPS.csproj", "{E59388DB-4AD7-4576-8A3A-4F8E39063CA4}"
EndProject
Global
	GlobalSection(SolutionConfigurationPlatforms) = preSolution
		Debug|Any CPU = Debug|Any CPU
		Release|Any CPU = Release|Any CPU
	EndGlobalSection
	GlobalSection(ProjectConfigurationPlatforms) = postSolution
		{E59388DB-4AD7-4576-8A3A-4F8E39063CA4}.Debug|Any CPU.ActiveCfg = Debug|Any CPU
		{E59388DB-4AD7-4576-8A3A-4F8E39063CA4}.Debug|Any CPU.Build.0 = Debug|Any CPU
		{E59388DB-4AD7-4576-8A3A-4F8E39063CA4}.Release|Any CPU.ActiveCfg = Release|Any CPU
		{E59388DB-4AD7-4576-8A3A-4F8E39063CA4}.Release|Any CPU.Build.0 = Release|Any CPU
	EndGlobalSection
	GlobalSection(SolutionProperties) = preSolution
		HideSolutionNode = FALSE
	EndGlobalSection
	GlobalSection(ExtensibilityGlobals) = postSolution
		SolutionGuid = {D3D6520C-F1BD-428F-99BA-1DF54F95EA0D}
	EndGlobalSection
EndGlobal
