
Microsoft Visual Studio Solution File, Format Version 12.00
# Visual Studio Version 17
VisualStudioVersion = 17.3.32825.248
MinimumVisualStudioVersion = 10.0.40219.1
Project("{FAE04EC0-301F-11D3-BF4B-00C04F79EFBC}") = "Pseudo Random - IMS", "Pseudo Random - IMS.csproj", "{59DA4B62-0FCF-45D8-99A4-BCDED3F60548}"
EndProject
Global
	GlobalSection(SolutionConfigurationPlatforms) = preSolution
		Debug|Any CPU = Debug|Any CPU
		Release|Any CPU = Release|Any CPU
	EndGlobalSection
	GlobalSection(ProjectConfigurationPlatforms) = postSolution
		{59DA4B62-0FCF-45D8-99A4-BCDED3F60548}.Debug|Any CPU.ActiveCfg = Debug|Any CPU
		{59DA4B62-0FCF-45D8-99A4-BCDED3F60548}.Debug|Any CPU.Build.0 = Debug|Any CPU
		{59DA4B62-0FCF-45D8-99A4-BCDED3F60548}.Release|Any CPU.ActiveCfg = Release|Any CPU
		{59DA4B62-0FCF-45D8-99A4-BCDED3F60548}.Release|Any CPU.Build.0 = Release|Any CPU
	EndGlobalSection
	GlobalSection(SolutionProperties) = preSolution
		HideSolutionNode = FALSE
	EndGlobalSection
	GlobalSection(ExtensibilityGlobals) = postSolution
		SolutionGuid = {919EF455-A714-4DB9-94BA-EC9E2ACE911E}
	EndGlobalSection
EndGlobal
