
Microsoft Visual Studio Solution File, Format Version 12.00
# Visual Studio Version 16
VisualStudioVersion = 16.0.31702.278
MinimumVisualStudioVersion = 10.0.40219.1
Project("{FAE04EC0-301F-11D3-BF4B-00C04F79EFBC}") = "DLL project", "DLL project.csproj", "{2E4D1431-F0E6-404F-B550-386C60F13816}"
EndProject
Global
	GlobalSection(SolutionConfigurationPlatforms) = preSolution
		Debug|Any CPU = Debug|Any CPU
		Release|Any CPU = Release|Any CPU
	EndGlobalSection
	GlobalSection(ProjectConfigurationPlatforms) = postSolution
		{2E4D1431-F0E6-404F-B550-386C60F13816}.Debug|Any CPU.ActiveCfg = Debug|Any CPU
		{2E4D1431-F0E6-404F-B550-386C60F13816}.Debug|Any CPU.Build.0 = Debug|Any CPU
		{2E4D1431-F0E6-404F-B550-386C60F13816}.Release|Any CPU.ActiveCfg = Release|Any CPU
		{2E4D1431-F0E6-404F-B550-386C60F13816}.Release|Any CPU.Build.0 = Release|Any CPU
	EndGlobalSection
	GlobalSection(SolutionProperties) = preSolution
		HideSolutionNode = FALSE
	EndGlobalSection
	GlobalSection(ExtensibilityGlobals) = postSolution
		SolutionGuid = {2E3F0001-2DB7-4F9D-A6F1-EF6AFBD2BA54}
	EndGlobalSection
EndGlobal
