
Microsoft Visual Studio Solution File, Format Version 12.00
# Visual Studio Version 17
VisualStudioVersion = 17.3.32825.248
MinimumVisualStudioVersion = 10.0.40219.1
Project("{FAE04EC0-301F-11D3-BF4B-00C04F79EFBC}") = "DSPS", "DSPS.csproj", "{B2795EB7-0375-4114-BE3A-1A54079BA2C6}"
EndProject
Global
	GlobalSection(SolutionConfigurationPlatforms) = preSolution
		Debug|Any CPU = Debug|Any CPU
		Release|Any CPU = Release|Any CPU
	EndGlobalSection
	GlobalSection(ProjectConfigurationPlatforms) = postSolution
		{B2795EB7-0375-4114-BE3A-1A54079BA2C6}.Debug|Any CPU.ActiveCfg = Debug|Any CPU
		{B2795EB7-0375-4114-BE3A-1A54079BA2C6}.Debug|Any CPU.Build.0 = Debug|Any CPU
		{B2795EB7-0375-4114-BE3A-1A54079BA2C6}.Release|Any CPU.ActiveCfg = Release|Any CPU
		{B2795EB7-0375-4114-BE3A-1A54079BA2C6}.Release|Any CPU.Build.0 = Release|Any CPU
	EndGlobalSection
	GlobalSection(SolutionProperties) = preSolution
		HideSolutionNode = FALSE
	EndGlobalSection
	GlobalSection(ExtensibilityGlobals) = postSolution
		SolutionGuid = {557DC3CA-94D7-4D54-93B7-D014038ED54A}
	EndGlobalSection
EndGlobal
