
Microsoft Visual Studio Solution File, Format Version 12.00
# Visual Studio Version 17
VisualStudioVersion = 17.3.32825.248
MinimumVisualStudioVersion = 10.0.40219.1
Project("{FAE04EC0-301F-11D3-BF4B-00C04F79EFBC}") = "MINMAX - DSPS", "MINMAX - DSPS.csproj", "{0ACFA8CD-5A2F-4378-A5DA-B5B21F94B836}"
EndProject
Global
	GlobalSection(SolutionConfigurationPlatforms) = preSolution
		Debug|Any CPU = Debug|Any CPU
		Release|Any CPU = Release|Any CPU
	EndGlobalSection
	GlobalSection(ProjectConfigurationPlatforms) = postSolution
		{0ACFA8CD-5A2F-4378-A5DA-B5B21F94B836}.Debug|Any CPU.ActiveCfg = Debug|Any CPU
		{0ACFA8CD-5A2F-4378-A5DA-B5B21F94B836}.Debug|Any CPU.Build.0 = Debug|Any CPU
		{0ACFA8CD-5A2F-4378-A5DA-B5B21F94B836}.Release|Any CPU.ActiveCfg = Release|Any CPU
		{0ACFA8CD-5A2F-4378-A5DA-B5B21F94B836}.Release|Any CPU.Build.0 = Release|Any CPU
	EndGlobalSection
	GlobalSection(SolutionProperties) = preSolution
		HideSolutionNode = FALSE
	EndGlobalSection
	GlobalSection(ExtensibilityGlobals) = postSolution
		SolutionGuid = {AB9041CC-0E69-4F60-83A1-A14537E9B930}
	EndGlobalSection
EndGlobal
