
Microsoft Visual Studio Solution File, Format Version 12.00
# Visual Studio Version 16
VisualStudioVersion = 16.0.31702.278
MinimumVisualStudioVersion = 10.0.40219.1
Project("{FAE04EC0-301F-11D3-BF4B-00C04F79EFBC}") = "BFS - DSPS", "BFS - DSPS.csproj", "{D8064DAA-5C22-4C97-ACBF-F5218A645C9A}"
EndProject
Global
	GlobalSection(SolutionConfigurationPlatforms) = preSolution
		Debug|Any CPU = Debug|Any CPU
		Release|Any CPU = Release|Any CPU
	EndGlobalSection
	GlobalSection(ProjectConfigurationPlatforms) = postSolution
		{D8064DAA-5C22-4C97-ACBF-F5218A645C9A}.Debug|Any CPU.ActiveCfg = Debug|Any CPU
		{D8064DAA-5C22-4C97-ACBF-F5218A645C9A}.Debug|Any CPU.Build.0 = Debug|Any CPU
		{D8064DAA-5C22-4C97-ACBF-F5218A645C9A}.Release|Any CPU.ActiveCfg = Release|Any CPU
		{D8064DAA-5C22-4C97-ACBF-F5218A645C9A}.Release|Any CPU.Build.0 = Release|Any CPU
	EndGlobalSection
	GlobalSection(SolutionProperties) = preSolution
		HideSolutionNode = FALSE
	EndGlobalSection
	GlobalSection(ExtensibilityGlobals) = postSolution
		SolutionGuid = {CEB0BB79-A6D2-4452-916C-1E4D92BDA6F7}
	EndGlobalSection
EndGlobal
