
Microsoft Visual Studio Solution File, Format Version 12.00
# Visual Studio Version 17
VisualStudioVersion = 17.11.35219.272
MinimumVisualStudioVersion = 10.0.40219.1
Project("{FAE04EC0-301F-11D3-BF4B-00C04F79EFBC}") = "RANDOM_IMS", "RANDOM_IMS.csproj", "{EA4C528C-AE8B-45EF-A3EB-3E2C47B068C2}"
EndProject
Global
	GlobalSection(SolutionConfigurationPlatforms) = preSolution
		Debug|Any CPU = Debug|Any CPU
		Release|Any CPU = Release|Any CPU
	EndGlobalSection
	GlobalSection(ProjectConfigurationPlatforms) = postSolution
		{EA4C528C-AE8B-45EF-A3EB-3E2C47B068C2}.Debug|Any CPU.ActiveCfg = Debug|Any CPU
		{EA4C528C-AE8B-45EF-A3EB-3E2C47B068C2}.Debug|Any CPU.Build.0 = Debug|Any CPU
		{EA4C528C-AE8B-45EF-A3EB-3E2C47B068C2}.Release|Any CPU.ActiveCfg = Release|Any CPU
		{EA4C528C-AE8B-45EF-A3EB-3E2C47B068C2}.Release|Any CPU.Build.0 = Release|Any CPU
	EndGlobalSection
	GlobalSection(SolutionProperties) = preSolution
		HideSolutionNode = FALSE
	EndGlobalSection
	GlobalSection(ExtensibilityGlobals) = postSolution
		SolutionGuid = {0E5BA7EB-AB10-45F2-8248-349D85024966}
	EndGlobalSection
EndGlobal
