
Microsoft Visual Studio Solution File, Format Version 12.00
# Visual Studio Version 17
VisualStudioVersion = 17.3.32825.248
MinimumVisualStudioVersion = 10.0.40219.1
Project("{FAE04EC0-301F-11D3-BF4B-00C04F79EFBC}") = "Psuedo Random - DSPS", "Psuedo Random - DSPS.csproj", "{61E59D8E-E6EF-4BAA-8861-6CD173914422}"
EndProject
Global
	GlobalSection(SolutionConfigurationPlatforms) = preSolution
		Debug|Any CPU = Debug|Any CPU
		Release|Any CPU = Release|Any CPU
	EndGlobalSection
	GlobalSection(ProjectConfigurationPlatforms) = postSolution
		{61E59D8E-E6EF-4BAA-8861-6CD173914422}.Debug|Any CPU.ActiveCfg = Debug|Any CPU
		{61E59D8E-E6EF-4BAA-8861-6CD173914422}.Debug|Any CPU.Build.0 = Debug|Any CPU
		{61E59D8E-E6EF-4BAA-8861-6CD173914422}.Release|Any CPU.ActiveCfg = Release|Any CPU
		{61E59D8E-E6EF-4BAA-8861-6CD173914422}.Release|Any CPU.Build.0 = Release|Any CPU
	EndGlobalSection
	GlobalSection(SolutionProperties) = preSolution
		HideSolutionNode = FALSE
	EndGlobalSection
	GlobalSection(ExtensibilityGlobals) = postSolution
		SolutionGuid = {BA280267-FB78-4F0C-987F-427B7DE3B027}
	EndGlobalSection
EndGlobal
