
Microsoft Visual Studio Solution File, Format Version 12.00
# Visual Studio Version 17
VisualStudioVersion = 17.3.32825.248
MinimumVisualStudioVersion = 10.0.40219.1
Project("{FAE04EC0-301F-11D3-BF4B-00C04F79EFBC}") = "DSPS", "DSPS.csproj", "{0AA9395B-3D38-4CB5-80EA-F64B564C4175}"
EndProject
Global
	GlobalSection(SolutionConfigurationPlatforms) = preSolution
		Debug|Any CPU = Debug|Any CPU
		Release|Any CPU = Release|Any CPU
	EndGlobalSection
	GlobalSection(ProjectConfigurationPlatforms) = postSolution
		{0AA9395B-3D38-4CB5-80EA-F64B564C4175}.Debug|Any CPU.ActiveCfg = Debug|Any CPU
		{0AA9395B-3D38-4CB5-80EA-F64B564C4175}.Debug|Any CPU.Build.0 = Debug|Any CPU
		{0AA9395B-3D38-4CB5-80EA-F64B564C4175}.Release|Any CPU.ActiveCfg = Release|Any CPU
		{0AA9395B-3D38-4CB5-80EA-F64B564C4175}.Release|Any CPU.Build.0 = Release|Any CPU
	EndGlobalSection
	GlobalSection(SolutionProperties) = preSolution
		HideSolutionNode = FALSE
	EndGlobalSection
	GlobalSection(ExtensibilityGlobals) = postSolution
		SolutionGuid = {82E74DB7-4E1D-4A25-80AC-CC81A95B3CE2}
	EndGlobalSection
EndGlobal
