
Microsoft Visual Studio Solution File, Format Version 12.00
# Visual Studio Version 17
VisualStudioVersion = 17.11.35219.272
MinimumVisualStudioVersion = 10.0.40219.1
Project("{FAE04EC0-301F-11D3-BF4B-00C04F79EFBC}") = "MATRIX_DSPS", "MATRIX_DSPS.csproj", "{220FE1A7-08C6-41D0-AFCD-47E537C7478C}"
EndProject
Global
	GlobalSection(SolutionConfigurationPlatforms) = preSolution
		Debug|Any CPU = Debug|Any CPU
		Release|Any CPU = Release|Any CPU
	EndGlobalSection
	GlobalSection(ProjectConfigurationPlatforms) = postSolution
		{220FE1A7-08C6-41D0-AFCD-47E537C7478C}.Debug|Any CPU.ActiveCfg = Debug|Any CPU
		{220FE1A7-08C6-41D0-AFCD-47E537C7478C}.Debug|Any CPU.Build.0 = Debug|Any CPU
		{220FE1A7-08C6-41D0-AFCD-47E537C7478C}.Release|Any CPU.ActiveCfg = Release|Any CPU
		{220FE1A7-08C6-41D0-AFCD-47E537C7478C}.Release|Any CPU.Build.0 = Release|Any CPU
	EndGlobalSection
	GlobalSection(SolutionProperties) = preSolution
		HideSolutionNode = FALSE
	EndGlobalSection
	GlobalSection(ExtensibilityGlobals) = postSolution
		SolutionGuid = {359FAE58-4EB0-4BEA-BDA0-5DE184BB6792}
	EndGlobalSection
EndGlobal
