
Microsoft Visual Studio Solution File, Format Version 12.00
# Visual Studio Version 16
VisualStudioVersion = 16.0.30611.23
MinimumVisualStudioVersion = 10.0.40219.1
Project("{FAE04EC0-301F-11D3-BF4B-00C04F79EFBC}") = "04 GeinformeerdZoeken", "04 GeinformeerdZoeken.csproj", "{ADE3AC32-CE7C-40E6-A7FA-C4A8A5261D51}"
EndProject
Global
	GlobalSection(SolutionConfigurationPlatforms) = preSolution
		Debug|Any CPU = Debug|Any CPU
		Release|Any CPU = Release|Any CPU
	EndGlobalSection
	GlobalSection(ProjectConfigurationPlatforms) = postSolution
		{ADE3AC32-CE7C-40E6-A7FA-C4A8A5261D51}.Debug|Any CPU.ActiveCfg = Debug|Any CPU
		{ADE3AC32-CE7C-40E6-A7FA-C4A8A5261D51}.Debug|Any CPU.Build.0 = Debug|Any CPU
		{ADE3AC32-CE7C-40E6-A7FA-C4A8A5261D51}.Release|Any CPU.ActiveCfg = Release|Any CPU
		{ADE3AC32-CE7C-40E6-A7FA-C4A8A5261D51}.Release|Any CPU.Build.0 = Release|Any CPU
	EndGlobalSection
	GlobalSection(SolutionProperties) = preSolution
		HideSolutionNode = FALSE
	EndGlobalSection
	GlobalSection(ExtensibilityGlobals) = postSolution
		SolutionGuid = {5E9883FB-94E1-44ED-A64E-E2EE10A7220B}
	EndGlobalSection
EndGlobal
