
Microsoft Visual Studio Solution File, Format Version 12.00
# Visual Studio Version 17
VisualStudioVersion = 17.14.36518.9 d17.14
MinimumVisualStudioVersion = 10.0.40219.1
Project("{FAE04EC0-301F-11D3-BF4B-00C04F79EFBC}") = "02 ML.Net", "02 ML.Net.csproj", "{A44A7F01-B2B3-4B88-8615-4F13AF83922C}"
EndProject
Global
	GlobalSection(SolutionConfigurationPlatforms) = preSolution
		Debug|Any CPU = Debug|Any CPU
		Release|Any CPU = Release|Any CPU
	EndGlobalSection
	GlobalSection(ProjectConfigurationPlatforms) = postSolution
		{A44A7F01-B2B3-4B88-8615-4F13AF83922C}.Debug|Any CPU.ActiveCfg = Debug|Any CPU
		{A44A7F01-B2B3-4B88-8615-4F13AF83922C}.Debug|Any CPU.Build.0 = Debug|Any CPU
		{A44A7F01-B2B3-4B88-8615-4F13AF83922C}.Release|Any CPU.ActiveCfg = Release|Any CPU
		{A44A7F01-B2B3-4B88-8615-4F13AF83922C}.Release|Any CPU.Build.0 = Release|Any CPU
	EndGlobalSection
	GlobalSection(SolutionProperties) = preSolution
		HideSolutionNode = FALSE
	EndGlobalSection
	GlobalSection(ExtensibilityGlobals) = postSolution
		SolutionGuid = {3D6C8D3A-80B5-4666-858E-304A268B162F}
	EndGlobalSection
EndGlobal
