
Microsoft Visual Studio Solution File, Format Version 12.00
# Visual Studio Version 17
VisualStudioVersion = 17.3.32825.248
MinimumVisualStudioVersion = 10.0.40219.1
Project("{FAE04EC0-301F-11D3-BF4B-00C04F79EFBC}") = "IMS_ANN", "IMS_ANN.csproj", "{69F49CD7-1D26-4DD9-B130-0A1ACF3D25C3}"
EndProject
Global
	GlobalSection(SolutionConfigurationPlatforms) = preSolution
		Debug|Any CPU = Debug|Any CPU
		Release|Any CPU = Release|Any CPU
	EndGlobalSection
	GlobalSection(ProjectConfigurationPlatforms) = postSolution
		{69F49CD7-1D26-4DD9-B130-0A1ACF3D25C3}.Debug|Any CPU.ActiveCfg = Debug|Any CPU
		{69F49CD7-1D26-4DD9-B130-0A1ACF3D25C3}.Debug|Any CPU.Build.0 = Debug|Any CPU
		{69F49CD7-1D26-4DD9-B130-0A1ACF3D25C3}.Release|Any CPU.ActiveCfg = Release|Any CPU
		{69F49CD7-1D26-4DD9-B130-0A1ACF3D25C3}.Release|Any CPU.Build.0 = Release|Any CPU
	EndGlobalSection
	GlobalSection(SolutionProperties) = preSolution
		HideSolutionNode = FALSE
	EndGlobalSection
	GlobalSection(ExtensibilityGlobals) = postSolution
		SolutionGuid = {FCB045F6-63C1-4D70-926D-AF6C6AE5C516}
	EndGlobalSection
EndGlobal
