
Microsoft Visual Studio Solution File, Format Version 12.00
# Visual Studio Version 16
VisualStudioVersion = 16.0.30621.155
MinimumVisualStudioVersion = 10.0.40219.1
Project("{FAE04EC0-301F-11D3-BF4B-00C04F79EFBC}") = "08 KNN", "08 KNN.csproj", "{74D95250-3CA4-4252-9135-BB5566D150A6}"
EndProject
Global
	GlobalSection(SolutionConfigurationPlatforms) = preSolution
		Debug|Any CPU = Debug|Any CPU
		Release|Any CPU = Release|Any CPU
	EndGlobalSection
	GlobalSection(ProjectConfigurationPlatforms) = postSolution
		{74D95250-3CA4-4252-9135-BB5566D150A6}.Debug|Any CPU.ActiveCfg = Debug|Any CPU
		{74D95250-3CA4-4252-9135-BB5566D150A6}.Debug|Any CPU.Build.0 = Debug|Any CPU
		{74D95250-3CA4-4252-9135-BB5566D150A6}.Release|Any CPU.ActiveCfg = Release|Any CPU
		{74D95250-3CA4-4252-9135-BB5566D150A6}.Release|Any CPU.Build.0 = Release|Any CPU
	EndGlobalSection
	GlobalSection(SolutionProperties) = preSolution
		HideSolutionNode = FALSE
	EndGlobalSection
	GlobalSection(ExtensibilityGlobals) = postSolution
		SolutionGuid = {AF09A730-B98A-426A-B142-6437F7677940}
	EndGlobalSection
EndGlobal
