
Microsoft Visual Studio Solution File, Format Version 12.00
# Visual Studio Version 17
VisualStudioVersion = 17.11.35219.272
MinimumVisualStudioVersion = 10.0.40219.1
Project("{FAE04EC0-301F-11D3-BF4B-00C04F79EFBC}") = "KNN_IMS", "KNN_IMS.csproj", "{BEC444DF-AB2B-44FC-BFFA-698837FC810C}"
EndProject
Global
	GlobalSection(SolutionConfigurationPlatforms) = preSolution
		Debug|Any CPU = Debug|Any CPU
		Release|Any CPU = Release|Any CPU
	EndGlobalSection
	GlobalSection(ProjectConfigurationPlatforms) = postSolution
		{BEC444DF-AB2B-44FC-BFFA-698837FC810C}.Debug|Any CPU.ActiveCfg = Debug|Any CPU
		{BEC444DF-AB2B-44FC-BFFA-698837FC810C}.Debug|Any CPU.Build.0 = Debug|Any CPU
		{BEC444DF-AB2B-44FC-BFFA-698837FC810C}.Release|Any CPU.ActiveCfg = Release|Any CPU
		{BEC444DF-AB2B-44FC-BFFA-698837FC810C}.Release|Any CPU.Build.0 = Release|Any CPU
	EndGlobalSection
	GlobalSection(SolutionProperties) = preSolution
		HideSolutionNode = FALSE
	EndGlobalSection
	GlobalSection(ExtensibilityGlobals) = postSolution
		SolutionGuid = {29137F65-C8B7-4A99-B5DF-3402178B3B30}
	EndGlobalSection
EndGlobal
