
Microsoft Visual Studio Solution File, Format Version 12.00
# Visual Studio Version 16
VisualStudioVersion = 16.0.31702.278
MinimumVisualStudioVersion = 10.0.40219.1
Project("{FAE04EC0-301F-11D3-BF4B-00C04F79EFBC}") = "Random numbers", "Random numbers.csproj", "{5A46B938-6114-4C7D-963F-B03FD0497D42}"
EndProject
Global
	GlobalSection(SolutionConfigurationPlatforms) = preSolution
		Debug|Any CPU = Debug|Any CPU
		Release|Any CPU = Release|Any CPU
	EndGlobalSection
	GlobalSection(ProjectConfigurationPlatforms) = postSolution
		{5A46B938-6114-4C7D-963F-B03FD0497D42}.Debug|Any CPU.ActiveCfg = Debug|Any CPU
		{5A46B938-6114-4C7D-963F-B03FD0497D42}.Debug|Any CPU.Build.0 = Debug|Any CPU
		{5A46B938-6114-4C7D-963F-B03FD0497D42}.Release|Any CPU.ActiveCfg = Release|Any CPU
		{5A46B938-6114-4C7D-963F-B03FD0497D42}.Release|Any CPU.Build.0 = Release|Any CPU
	EndGlobalSection
	GlobalSection(SolutionProperties) = preSolution
		HideSolutionNode = FALSE
	EndGlobalSection
	GlobalSection(ExtensibilityGlobals) = postSolution
		SolutionGuid = {A22CE7C2-733D-4A06-ABC0-90BDA5E24C2F}
	EndGlobalSection
EndGlobal
